
Microsoft Visual Studio Solution File, Format Version 12.00
# Visual Studio Version 17
VisualStudioVersion = 17.3.32825.248
MinimumVisualStudioVersion = 10.0.40219.1
Project("{8BC9CEB8-8B4A-11D0-8D11-00A0C91BC942}") = "5", "5\5.vcxproj", "{1264C8F6-6756-47FA-9AC5-FEE766E5821D}"
EndProject
Global
	GlobalSection(SolutionConfigurationPlatforms) = preSolution
		Debug|x64 = Debug|x64
		Debug|x86 = Debug|x86
		Release|x64 = Release|x64
		Release|x86 = Release|x86
	EndGlobalSection
	GlobalSection(ProjectConfigurationPlatforms) = postSolution
		{1264C8F6-6756-47FA-9AC5-FEE766E5821D}.Debug|x64.ActiveCfg = Debug|x64
		{1264C8F6-6756-47FA-9AC5-FEE766E5821D}.Debug|x64.Build.0 = Debug|x64
		{1264C8F6-6756-47FA-9AC5-FEE766E5821D}.Debug|x86.ActiveCfg = Debug|Win32
		{1264C8F6-6756-47FA-9AC5-FEE766E5821D}.Debug|x86.Build.0 = Debug|Win32
		{1264C8F6-6756-47FA-9AC5-FEE766E5821D}.Release|x64.ActiveCfg = Release|x64
		{1264C8F6-6756-47FA-9AC5-FEE766E5821D}.Release|x64.Build.0 = Release|x64
		{1264C8F6-6756-47FA-9AC5-FEE766E5821D}.Release|x86.ActiveCfg = Release|Win32
		{1264C8F6-6756-47FA-9AC5-FEE766E5821D}.Release|x86.Build.0 = Release|Win32
	EndGlobalSection
	GlobalSection(SolutionProperties) = preSolution
		HideSolutionNode = FALSE
	EndGlobalSection
	GlobalSection(ExtensibilityGlobals) = postSolution
		SolutionGuid = {0006EDD7-9A8F-4CA5-9B99-52644E2AE250}
	EndGlobalSection
EndGlobal
